
Microsoft Visual Studio Solution File, Format Version 12.00
# Visual Studio Version 16
VisualStudioVersion = 16.0.32901.82
MinimumVisualStudioVersion = 10.0.40219.1
Project("{FAE04EC0-301F-11D3-BF4B-00C04F79EFBC}") = "SalesManagement", "SalesManagement\SalesManagement.csproj", "{A3C2816C-9E83-42BB-9F2C-DD12B373409D}"
EndProject
Global
	GlobalSection(SolutionConfigurationPlatforms) = preSolution
		Debug|Any CPU = Debug|Any CPU
		Release|Any CPU = Release|Any CPU
	EndGlobalSection
	GlobalSection(ProjectConfigurationPlatforms) = postSolution
		{A3C2816C-9E83-42BB-9F2C-DD12B373409D}.Debug|Any CPU.ActiveCfg = Debug|Any CPU
		{A3C2816C-9E83-42BB-9F2C-DD12B373409D}.Debug|Any CPU.Build.0 = Debug|Any CPU
		{A3C2816C-9E83-42BB-9F2C-DD12B373409D}.Release|Any CPU.ActiveCfg = Release|Any CPU
		{A3C2816C-9E83-42BB-9F2C-DD12B373409D}.Release|Any CPU.Build.0 = Release|Any CPU
	EndGlobalSection
	GlobalSection(SolutionProperties) = preSolution
		HideSolutionNode = FALSE
	EndGlobalSection
	GlobalSection(ExtensibilityGlobals) = postSolution
		SolutionGuid = {E17474E3-25F4-439F-A012-C09F6D80ED6F}
	EndGlobalSection
EndGlobal
